
Microsoft Visual Studio Solution File, Format Version 12.00
# Visual Studio Version 17
VisualStudioVersion = 17.6.33815.320
MinimumVisualStudioVersion = 10.0.40219.1
Project("{FAE04EC0-301F-11D3-BF4B-00C04F79EFBC}") = "ChoboLauncher", "ChoboLauncher.csproj", "{575DD752-10CA-4EC4-9063-D68A87BB18AF}"
EndProject
Global
	GlobalSection(SolutionConfigurationPlatforms) = preSolution
		Debug|Any CPU = Debug|Any CPU
		Release|Any CPU = Release|Any CPU
	EndGlobalSection
	GlobalSection(ProjectConfigurationPlatforms) = postSolution
		{575DD752-10CA-4EC4-9063-D68A87BB18AF}.Debug|Any CPU.ActiveCfg = Debug|Any CPU
		{575DD752-10CA-4EC4-9063-D68A87BB18AF}.Debug|Any CPU.Build.0 = Debug|Any CPU
		{575DD752-10CA-4EC4-9063-D68A87BB18AF}.Release|Any CPU.ActiveCfg = Release|Any CPU
		{575DD752-10CA-4EC4-9063-D68A87BB18AF}.Release|Any CPU.Build.0 = Release|Any CPU
	EndGlobalSection
	GlobalSection(SolutionProperties) = preSolution
		HideSolutionNode = FALSE
	EndGlobalSection
	GlobalSection(ExtensibilityGlobals) = postSolution
		SolutionGuid = {F4DF5F34-FF25-4110-A147-94913B4C2FDD}
	EndGlobalSection
EndGlobal
